
Microsoft Visual Studio Solution File, Format Version 12.00
# Visual Studio Version 17
VisualStudioVersion = 17.7.34202.233
MinimumVisualStudioVersion = 10.0.40219.1
Project("{9A19103F-16F7-4668-BE54-9A1E7A4F7556}") = "AbschlussProjekt", "AbschlussProjekt\AbschlussProjekt.csproj", "{0111AD93-9CE8-4808-B56C-5BF1F791698D}"
EndProject
Project("{2150E333-8FDC-42A3-9474-1A3956D46DE8}") = "Solution Items", "Solution Items", "{FD7A348B-4228-4705-9C4E-541C6B6ED8E7}"
	ProjectSection(SolutionItems) = preProject
		.editorconfig = .editorconfig
	EndProjectSection
EndProject
Global
	GlobalSection(SolutionConfigurationPlatforms) = preSolution
		Debug|Any CPU = Debug|Any CPU
		Release|Any CPU = Release|Any CPU
	EndGlobalSection
	GlobalSection(ProjectConfigurationPlatforms) = postSolution
		{0111AD93-9CE8-4808-B56C-5BF1F791698D}.Debug|Any CPU.ActiveCfg = Debug|Any CPU
		{0111AD93-9CE8-4808-B56C-5BF1F791698D}.Debug|Any CPU.Build.0 = Debug|Any CPU
		{0111AD93-9CE8-4808-B56C-5BF1F791698D}.Release|Any CPU.ActiveCfg = Release|Any CPU
		{0111AD93-9CE8-4808-B56C-5BF1F791698D}.Release|Any CPU.Build.0 = Release|Any CPU
	EndGlobalSection
	GlobalSection(SolutionProperties) = preSolution
		HideSolutionNode = FALSE
	EndGlobalSection
	GlobalSection(ExtensibilityGlobals) = postSolution
		SolutionGuid = {46780381-11F4-4F2D-85BF-6C88165C34BA}
	EndGlobalSection
EndGlobal
